// !$*UTF8*$!
{
	archiveVersion = 1;
	classes = {
	};
	objectVersion = 56;
	objects = {

/* Begin PBXBuildFile section */
		A35559EA2B6AF3BF00E8E0CD /* TodoListSUIApp.swift in Sources */ = {isa = PBXBuildFile; fileRef = A35559E92B6AF3BF00E8E0CD /* TodoListSUIApp.swift */; };
		A35559EC2B6AF3BF00E8E0CD /* ContentView.swift in Sources */ = {isa = PBXBuildFile; fileRef = A35559EB2B6AF3BF00E8E0CD /* ContentView.swift */; };
		A35559EE2B6AF3C000E8E0CD /* Assets.xcassets in Resources */ = {isa = PBXBuildFile; fileRef = A35559ED2B6AF3C000E8E0CD /* Assets.xcassets */; };
		A35559F12B6AF3C000E8E0CD /* Preview Assets.xcassets in Resources */ = {isa = PBXBuildFile; fileRef = A35559F02B6AF3C000E8E0CD /* Preview Assets.xcassets */; };
		A35559F92B6AF43100E8E0CD /* Todo.swift in Sources */ = {isa = PBXBuildFile; fileRef = A35559F82B6AF43100E8E0CD /* Todo.swift */; };
		A35559FC2B6AF55900E8E0CD /* HomeView.swift in Sources */ = {isa = PBXBuildFile; fileRef = A35559FB2B6AF55900E8E0CD /* HomeView.swift */; };
		A35559FE2B6AFB5600E8E0CD /* CompletedTodoListSection.swift in Sources */ = {isa = PBXBuildFile; fileRef = A35559FD2B6AFB5600E8E0CD /* CompletedTodoListSection.swift */; };
		A3555A012B6B075400E8E0CD /* TodoRowView.swift in Sources */ = {isa = PBXBuildFile; fileRef = A3555A002B6B075400E8E0CD /* TodoRowView.swift */; };
		A3555A032B6BEC2200E8E0CD /* ActiveTodoListSection.swift in Sources */ = {isa = PBXBuildFile; fileRef = A3555A022B6BEC2200E8E0CD /* ActiveTodoListSection.swift */; };
		A3555A2E2B6C25CC00E8E0CD /* photo_2024-02-01 22.17.25.jpeg in Resources */ = {isa = PBXBuildFile; fileRef = A3555A2A2B6C25CB00E8E0CD /* photo_2024-02-01 22.17.25.jpeg */; };
		A3555A2F2B6C25CC00E8E0CD /* photo_2024-02-01 22.17.23.jpeg in Resources */ = {isa = PBXBuildFile; fileRef = A3555A2B2B6C25CB00E8E0CD /* photo_2024-02-01 22.17.23.jpeg */; };
		A3555A302B6C25CC00E8E0CD /* photo_2024-02-01 22.17.21.jpeg in Resources */ = {isa = PBXBuildFile; fileRef = A3555A2C2B6C25CC00E8E0CD /* photo_2024-02-01 22.17.21.jpeg */; };
		A3555A312B6C25CC00E8E0CD /* photo_2024-02-01 22.17.24.jpeg in Resources */ = {isa = PBXBuildFile; fileRef = A3555A2D2B6C25CC00E8E0CD /* photo_2024-02-01 22.17.24.jpeg */; };
/* End PBXBuildFile section */

/* Begin PBXCopyFilesBuildPhase section */
		A3555A212B6C01DC00E8E0CD /* Embed Foundation Extensions */ = {
			isa = PBXCopyFilesBuildPhase;
			buildActionMask = 2147483647;
			dstPath = "";
			dstSubfolderSpec = 13;
			files = (
			);
			name = "Embed Foundation Extensions";
			runOnlyForDeploymentPostprocessing = 0;
		};
/* End PBXCopyFilesBuildPhase section */

/* Begin PBXFileReference section */
		A35559E62B6AF3BF00E8E0CD /* TodoListSUI.app */ = {isa = PBXFileReference; explicitFileType = wrapper.application; includeInIndex = 0; path = TodoListSUI.app; sourceTree = BUILT_PRODUCTS_DIR; };
		A35559E92B6AF3BF00E8E0CD /* TodoListSUIApp.swift */ = {isa = PBXFileReference; lastKnownFileType = sourcecode.swift; path = TodoListSUIApp.swift; sourceTree = "<group>"; };
		A35559EB2B6AF3BF00E8E0CD /* ContentView.swift */ = {isa = PBXFileReference; lastKnownFileType = sourcecode.swift; path = ContentView.swift; sourceTree = "<group>"; };
		A35559ED2B6AF3C000E8E0CD /* Assets.xcassets */ = {isa = PBXFileReference; lastKnownFileType = folder.assetcatalog; path = Assets.xcassets; sourceTree = "<group>"; };
		A35559F02B6AF3C000E8E0CD /* Preview Assets.xcassets */ = {isa = PBXFileReference; lastKnownFileType = folder.assetcatalog; path = "Preview Assets.xcassets"; sourceTree = "<group>"; };
		A35559F82B6AF43100E8E0CD /* Todo.swift */ = {isa = PBXFileReference; lastKnownFileType = sourcecode.swift; path = Todo.swift; sourceTree = "<group>"; };
		A35559FB2B6AF55900E8E0CD /* HomeView.swift */ = {isa = PBXFileReference; lastKnownFileType = sourcecode.swift; path = HomeView.swift; sourceTree = "<group>"; };
		A35559FD2B6AFB5600E8E0CD /* CompletedTodoListSection.swift */ = {isa = PBXFileReference; lastKnownFileType = sourcecode.swift; path = CompletedTodoListSection.swift; sourceTree = "<group>"; };
		A3555A002B6B075400E8E0CD /* TodoRowView.swift */ = {isa = PBXFileReference; lastKnownFileType = sourcecode.swift; path = TodoRowView.swift; sourceTree = "<group>"; };
		A3555A022B6BEC2200E8E0CD /* ActiveTodoListSection.swift */ = {isa = PBXFileReference; lastKnownFileType = sourcecode.swift; path = ActiveTodoListSection.swift; sourceTree = "<group>"; };
		A3555A0B2B6C01DB00E8E0CD /* WidgetKit.framework */ = {isa = PBXFileReference; lastKnownFileType = wrapper.framework; name = WidgetKit.framework; path = System/Library/Frameworks/WidgetKit.framework; sourceTree = SDKROOT; };
		A3555A0D2B6C01DB00E8E0CD /* SwiftUI.framework */ = {isa = PBXFileReference; lastKnownFileType = wrapper.framework; name = SwiftUI.framework; path = System/Library/Frameworks/SwiftUI.framework; sourceTree = SDKROOT; };
		A3555A2A2B6C25CB00E8E0CD /* photo_2024-02-01 22.17.25.jpeg */ = {isa = PBXFileReference; lastKnownFileType = image.jpeg; path = "photo_2024-02-01 22.17.25.jpeg"; sourceTree = "<group>"; };
		A3555A2B2B6C25CB00E8E0CD /* photo_2024-02-01 22.17.23.jpeg */ = {isa = PBXFileReference; lastKnownFileType = image.jpeg; path = "photo_2024-02-01 22.17.23.jpeg"; sourceTree = "<group>"; };
		A3555A2C2B6C25CC00E8E0CD /* photo_2024-02-01 22.17.21.jpeg */ = {isa = PBXFileReference; lastKnownFileType = image.jpeg; path = "photo_2024-02-01 22.17.21.jpeg"; sourceTree = "<group>"; };
		A3555A2D2B6C25CC00E8E0CD /* photo_2024-02-01 22.17.24.jpeg */ = {isa = PBXFileReference; lastKnownFileType = image.jpeg; path = "photo_2024-02-01 22.17.24.jpeg"; sourceTree = "<group>"; };
/* End PBXFileReference section */

/* Begin PBXFrameworksBuildPhase section */
		A35559E32B6AF3BF00E8E0CD /* Frameworks */ = {
			isa = PBXFrameworksBuildPhase;
			buildActionMask = 2147483647;
			files = (
			);
			runOnlyForDeploymentPostprocessing = 0;
		};
/* End PBXFrameworksBuildPhase section */

/* Begin PBXGroup section */
		A35559DD2B6AF3BF00E8E0CD = {
			isa = PBXGroup;
			children = (
				A3555A0A2B6C01DB00E8E0CD /* Frameworks */,
				A3555A292B6C252C00E8E0CD /* github-images */,
				A35559E72B6AF3BF00E8E0CD /* Products */,
				A35559E82B6AF3BF00E8E0CD /* TodoListSUI */,
			);
			sourceTree = "<group>";
		};
		A35559E72B6AF3BF00E8E0CD /* Products */ = {
			isa = PBXGroup;
			children = (
				A35559E62B6AF3BF00E8E0CD /* TodoListSUI.app */,
			);
			name = Products;
			sourceTree = "<group>";
		};
		A35559E82B6AF3BF00E8E0CD /* TodoListSUI */ = {
			isa = PBXGroup;
			children = (
				A35559ED2B6AF3C000E8E0CD /* Assets.xcassets */,
				A3555A042B6BEF0A00E8E0CD /* App */,
				A35559F72B6AF42900E8E0CD /* Model */,
				A35559EF2B6AF3C000E8E0CD /* Preview Content */,
				A35559FA2B6AF54A00E8E0CD /* View */,
			);
			path = TodoListSUI;
			sourceTree = "<group>";
		};
		A35559EF2B6AF3C000E8E0CD /* Preview Content */ = {
			isa = PBXGroup;
			children = (
				A35559F02B6AF3C000E8E0CD /* Preview Assets.xcassets */,
			);
			path = "Preview Content";
			sourceTree = "<group>";
		};
		A35559F72B6AF42900E8E0CD /* Model */ = {
			isa = PBXGroup;
			children = (
				A35559F82B6AF43100E8E0CD /* Todo.swift */,
			);
			path = Model;
			sourceTree = "<group>";
		};
		A35559FA2B6AF54A00E8E0CD /* View */ = {
			isa = PBXGroup;
			children = (
				A3555A022B6BEC2200E8E0CD /* ActiveTodoListSection.swift */,
				A35559FD2B6AFB5600E8E0CD /* CompletedTodoListSection.swift */,
				A35559FB2B6AF55900E8E0CD /* HomeView.swift */,
				A3555A002B6B075400E8E0CD /* TodoRowView.swift */,
			);
			path = View;
			sourceTree = "<group>";
		};
		A3555A042B6BEF0A00E8E0CD /* App */ = {
			isa = PBXGroup;
			children = (
				A35559EB2B6AF3BF00E8E0CD /* ContentView.swift */,
				A35559E92B6AF3BF00E8E0CD /* TodoListSUIApp.swift */,
			);
			path = App;
			sourceTree = "<group>";
		};
		A3555A0A2B6C01DB00E8E0CD /* Frameworks */ = {
			isa = PBXGroup;
			children = (
				A3555A0B2B6C01DB00E8E0CD /* WidgetKit.framework */,
				A3555A0D2B6C01DB00E8E0CD /* SwiftUI.framework */,
			);
			name = Frameworks;
			sourceTree = "<group>";
		};
		A3555A292B6C252C00E8E0CD /* github-images */ = {
			isa = PBXGroup;
			children = (
				A3555A2C2B6C25CC00E8E0CD /* photo_2024-02-01 22.17.21.jpeg */,
				A3555A2B2B6C25CB00E8E0CD /* photo_2024-02-01 22.17.23.jpeg */,
				A3555A2D2B6C25CC00E8E0CD /* photo_2024-02-01 22.17.24.jpeg */,
				A3555A2A2B6C25CB00E8E0CD /* photo_2024-02-01 22.17.25.jpeg */,
			);
			path = "github-images";
			sourceTree = "<group>";
		};
/* End PBXGroup section */

/* Begin PBXNativeTarget section */
		A35559E52B6AF3BF00E8E0CD /* TodoListSUI */ = {
			isa = PBXNativeTarget;
			buildConfigurationList = A35559F42B6AF3C000E8E0CD /* Build configuration list for PBXNativeTarget "TodoListSUI" */;
			buildPhases = (
				A35559E22B6AF3BF00E8E0CD /* Sources */,
				A35559E32B6AF3BF00E8E0CD /* Frameworks */,
				A35559E42B6AF3BF00E8E0CD /* Resources */,
				A3555A212B6C01DC00E8E0CD /* Embed Foundation Extensions */,
			);
			buildRules = (
			);
			dependencies = (
			);
			name = TodoListSUI;
			productName = TodoListSUI;
			productReference = A35559E62B6AF3BF00E8E0CD /* TodoListSUI.app */;
			productType = "com.apple.product-type.application";
		};
/* End PBXNativeTarget section */

/* Begin PBXProject section */
		A35559DE2B6AF3BF00E8E0CD /* Project object */ = {
			isa = PBXProject;
			attributes = {
				BuildIndependentTargetsInParallel = 1;
				LastSwiftUpdateCheck = 1520;
				LastUpgradeCheck = 1520;
				TargetAttributes = {
					A35559E52B6AF3BF00E8E0CD = {
						CreatedOnToolsVersion = 15.2;
					};
				};
			};
			buildConfigurationList = A35559E12B6AF3BF00E8E0CD /* Build configuration list for PBXProject "TodoListSUI" */;
			compatibilityVersion = "Xcode 14.0";
			developmentRegion = en;
			hasScannedForEncodings = 0;
			knownRegions = (
				en,
				Base,
			);
			mainGroup = A35559DD2B6AF3BF00E8E0CD;
			productRefGroup = A35559E72B6AF3BF00E8E0CD /* Products */;
			projectDirPath = "";
			projectRoot = "";
			targets = (
				A35559E52B6AF3BF00E8E0CD /* TodoListSUI */,
			);
		};
/* End PBXProject section */

/* Begin PBXResourcesBuildPhase section */
		A35559E42B6AF3BF00E8E0CD /* Resources */ = {
			isa = PBXResourcesBuildPhase;
			buildActionMask = 2147483647;
			files = (
				A35559F12B6AF3C000E8E0CD /* Preview Assets.xcassets in Resources */,
				A3555A302B6C25CC00E8E0CD /* photo_2024-02-01 22.17.21.jpeg in Resources */,
				A3555A312B6C25CC00E8E0CD /* photo_2024-02-01 22.17.24.jpeg in Resources */,
				A3555A2F2B6C25CC00E8E0CD /* photo_2024-02-01 22.17.23.jpeg in Resources */,
				A3555A2E2B6C25CC00E8E0CD /* photo_2024-02-01 22.17.25.jpeg in Resources */,
				A35559EE2B6AF3C000E8E0CD /* Assets.xcassets in Resources */,
			);
			runOnlyForDeploymentPostprocessing = 0;
		};
/* End PBXResourcesBuildPhase section */

/* Begin PBXSourcesBuildPhase section */
		A35559E22B6AF3BF00E8E0CD /* Sources */ = {
			isa = PBXSourcesBuildPhase;
			buildActionMask = 2147483647;
			files = (
				A35559EC2B6AF3BF00E8E0CD /* ContentView.swift in Sources */,
				A3555A012B6B075400E8E0CD /* TodoRowView.swift in Sources */,
				A35559FE2B6AFB5600E8E0CD /* CompletedTodoListSection.swift in Sources */,
				A3555A032B6BEC2200E8E0CD /* ActiveTodoListSection.swift in Sources */,
				A35559F92B6AF43100E8E0CD /* Todo.swift in Sources */,
				A35559FC2B6AF55900E8E0CD /* HomeView.swift in Sources */,
				A35559EA2B6AF3BF00E8E0CD /* TodoListSUIApp.swift in Sources */,
			);
			runOnlyForDeploymentPostprocessing = 0;
		};
/* End PBXSourcesBuildPhase section */

/* Begin XCBuildConfiguration section */
		A35559F22B6AF3C000E8E0CD /* Debug */ = {
			isa = XCBuildConfiguration;
			buildSettings = {
				ALWAYS_SEARCH_USER_PATHS = NO;
				ASSETCATALOG_COMPILER_GENERATE_SWIFT_ASSET_SYMBOL_EXTENSIONS = YES;
				CLANG_ANALYZER_NONNULL = YES;
				CLANG_ANALYZER_NUMBER_OBJECT_CONVERSION = YES_AGGRESSIVE;
				CLANG_CXX_LANGUAGE_STANDARD = "gnu++20";
				CLANG_ENABLE_MODULES = YES;
				CLANG_ENABLE_OBJC_ARC = YES;
				CLANG_ENABLE_OBJC_WEAK = YES;
				CLANG_WARN_BLOCK_CAPTURE_AUTORELEASING = YES;
				CLANG_WARN_BOOL_CONVERSION = YES;
				CLANG_WARN_COMMA = YES;
				CLANG_WARN_CONSTANT_CONVERSION = YES;
				CLANG_WARN_DEPRECATED_OBJC_IMPLEMENTATIONS = YES;
				CLANG_WARN_DIRECT_OBJC_ISA_USAGE = YES_ERROR;
				CLANG_WARN_DOCUMENTATION_COMMENTS = YES;
				CLANG_WARN_EMPTY_BODY = YES;
				CLANG_WARN_ENUM_CONVERSION = YES;
				CLANG_WARN_INFINITE_RECURSION = YES;
				CLANG_WARN_INT_CONVERSION = YES;
				CLANG_WARN_NON_LITERAL_NULL_CONVERSION = YES;
				CLANG_WARN_OBJC_IMPLICIT_RETAIN_SELF = YES;
				CLANG_WARN_OBJC_LITERAL_CONVERSION = YES;
				CLANG_WARN_OBJC_ROOT_CLASS = YES_ERROR;
				CLANG_WARN_QUOTED_INCLUDE_IN_FRAMEWORK_HEADER = YES;
				CLANG_WARN_RANGE_LOOP_ANALYSIS = YES;
				CLANG_WARN_STRICT_PROTOTYPES = YES;
				CLANG_WARN_SUSPICIOUS_MOVE = YES;
				CLANG_WARN_UNGUARDED_AVAILABILITY = YES_AGGRESSIVE;
				CLANG_WARN_UNREACHABLE_CODE = YES;
				CLANG_WARN__DUPLICATE_METHOD_MATCH = YES;
				COPY_PHASE_STRIP = NO;
				DEBUG_INFORMATION_FORMAT = dwarf;
				ENABLE_STRICT_OBJC_MSGSEND = YES;
				ENABLE_TESTABILITY = YES;
				ENABLE_USER_SCRIPT_SANDBOXING = YES;
				GCC_C_LANGUAGE_STANDARD = gnu17;
				GCC_DYNAMIC_NO_PIC = NO;
				GCC_NO_COMMON_BLOCKS = YES;
				GCC_OPTIMIZATION_LEVEL = 0;
				GCC_PREPROCESSOR_DEFINITIONS = (
					"DEBUG=1",
					"$(inherited)",
				);
				GCC_WARN_64_TO_32_BIT_CONVERSION = YES;
				GCC_WARN_ABOUT_RETURN_TYPE = YES_ERROR;
				GCC_WARN_UNDECLARED_SELECTOR = YES;
				GCC_WARN_UNINITIALIZED_AUTOS = YES_AGGRESSIVE;
				GCC_WARN_UNUSED_FUNCTION = YES;
				GCC_WARN_UNUSED_VARIABLE = YES;
				IPHONEOS_DEPLOYMENT_TARGET = 17.2;
				LOCALIZATION_PREFERS_STRING_CATALOGS = YES;
				MTL_ENABLE_DEBUG_INFO = INCLUDE_SOURCE;
				MTL_FAST_MATH = YES;
				ONLY_ACTIVE_ARCH = YES;
				SDKROOT = iphoneos;
				SWIFT_ACTIVE_COMPILATION_CONDITIONS = "DEBUG $(inherited)";
				SWIFT_OPTIMIZATION_LEVEL = "-Onone";
			};
			name = Debug;
		};
		A35559F32B6AF3C000E8E0CD /* Release */ = {
			isa = XCBuildConfiguration;
			buildSettings = {
				ALWAYS_SEARCH_USER_PATHS = NO;
				ASSETCATALOG_COMPILER_GENERATE_SWIFT_ASSET_SYMBOL_EXTENSIONS = YES;
				CLANG_ANALYZER_NONNULL = YES;
				CLANG_ANALYZER_NUMBER_OBJECT_CONVERSION = YES_AGGRESSIVE;
				CLANG_CXX_LANGUAGE_STANDARD = "gnu++20";
				CLANG_ENABLE_MODULES = YES;
				CLANG_ENABLE_OBJC_ARC = YES;
				CLANG_ENABLE_OBJC_WEAK = YES;
				CLANG_WARN_BLOCK_CAPTURE_AUTORELEASING = YES;
				CLANG_WARN_BOOL_CONVERSION = YES;
				CLANG_WARN_COMMA = YES;
				CLANG_WARN_CONSTANT_CONVERSION = YES;
				CLANG_WARN_DEPRECATED_OBJC_IMPLEMENTATIONS = YES;
				CLANG_WARN_DIRECT_OBJC_ISA_USAGE = YES_ERROR;
				CLANG_WARN_DOCUMENTATION_COMMENTS = YES;
				CLANG_WARN_EMPTY_BODY = YES;
				CLANG_WARN_ENUM_CONVERSION = YES;
				CLANG_WARN_INFINITE_RECURSION = YES;
				CLANG_WARN_INT_CONVERSION = YES;
				CLANG_WARN_NON_LITERAL_NULL_CONVERSION = YES;
				CLANG_WARN_OBJC_IMPLICIT_RETAIN_SELF = YES;
				CLANG_WARN_OBJC_LITERAL_CONVERSION = YES;
				CLANG_WARN_OBJC_ROOT_CLASS = YES_ERROR;
				CLANG_WARN_QUOTED_INCLUDE_IN_FRAMEWORK_HEADER = YES;
				CLANG_WARN_RANGE_LOOP_ANALYSIS = YES;
				CLANG_WARN_STRICT_PROTOTYPES = YES;
				CLANG_WARN_SUSPICIOUS_MOVE = YES;
				CLANG_WARN_UNGUARDED_AVAILABILITY = YES_AGGRESSIVE;
				CLANG_WARN_UNREACHABLE_CODE = YES;
				CLANG_WARN__DUPLICATE_METHOD_MATCH = YES;
				COPY_PHASE_STRIP = NO;
				DEBUG_INFORMATION_FORMAT = "dwarf-with-dsym";
				ENABLE_NS_ASSERTIONS = NO;
				ENABLE_STRICT_OBJC_MSGSEND = YES;
				ENABLE_USER_SCRIPT_SANDBOXING = YES;
				GCC_C_LANGUAGE_STANDARD = gnu17;
				GCC_NO_COMMON_BLOCKS = YES;
				GCC_WARN_64_TO_32_BIT_CONVERSION = YES;
				GCC_WARN_ABOUT_RETURN_TYPE = YES_ERROR;
				GCC_WARN_UNDECLARED_SELECTOR = YES;
				GCC_WARN_UNINITIALIZED_AUTOS = YES_AGGRESSIVE;
				GCC_WARN_UNUSED_FUNCTION = YES;
				GCC_WARN_UNUSED_VARIABLE = YES;
				IPHONEOS_DEPLOYMENT_TARGET = 17.2;
				LOCALIZATION_PREFERS_STRING_CATALOGS = YES;
				MTL_ENABLE_DEBUG_INFO = NO;
				MTL_FAST_MATH = YES;
				SDKROOT = iphoneos;
				SWIFT_COMPILATION_MODE = wholemodule;
				VALIDATE_PRODUCT = YES;
			};
			name = Release;
		};
		A35559F52B6AF3C000E8E0CD /* Debug */ = {
			isa = XCBuildConfiguration;
			buildSettings = {
				ALWAYS_EMBED_SWIFT_STANDARD_LIBRARIES = YES;
				ASSETCATALOG_COMPILER_APPICON_NAME = AppIcon;
				ASSETCATALOG_COMPILER_GLOBAL_ACCENT_COLOR_NAME = AccentColor;
				CODE_SIGN_ENTITLEMENTS = TodoListSUI/TodoListSUI.entitlements;
				CODE_SIGN_STYLE = Automatic;
				CURRENT_PROJECT_VERSION = 1;
				DEVELOPMENT_ASSET_PATHS = "\"TodoListSUI/Preview Content\"";
				DEVELOPMENT_TEAM = NF5X2BH93G;
				ENABLE_PREVIEWS = YES;
				GENERATE_INFOPLIST_FILE = YES;
				INFOPLIST_KEY_UIApplicationSceneManifest_Generation = YES;
				INFOPLIST_KEY_UIApplicationSupportsIndirectInputEvents = YES;
				INFOPLIST_KEY_UILaunchScreen_Generation = YES;
				INFOPLIST_KEY_UISupportedInterfaceOrientations_iPad = "UIInterfaceOrientationPortrait UIInterfaceOrientationPortraitUpsideDown UIInterfaceOrientationLandscapeLeft UIInterfaceOrientationLandscapeRight";
				INFOPLIST_KEY_UISupportedInterfaceOrientations_iPhone = "UIInterfaceOrientationPortrait UIInterfaceOrientationLandscapeLeft UIInterfaceOrientationLandscapeRight";
				LD_RUNPATH_SEARCH_PATHS = (
					"$(inherited)",
					"@executable_path/Frameworks",
				);
				MARKETING_VERSION = 1.0;
				PRODUCT_BUNDLE_IDENTIFIER = ru.yanmoroz.TodoListSUI;
				PRODUCT_NAME = "$(TARGET_NAME)";
				SWIFT_EMIT_LOC_STRINGS = YES;
				SWIFT_VERSION = 5.0;
				TARGETED_DEVICE_FAMILY = "1,2";
			};
			name = Debug;
		};
		A35559F62B6AF3C000E8E0CD /* Release */ = {
			isa = XCBuildConfiguration;
			buildSettings = {
				ALWAYS_EMBED_SWIFT_STANDARD_LIBRARIES = YES;
				ASSETCATALOG_COMPILER_APPICON_NAME = AppIcon;
				ASSETCATALOG_COMPILER_GLOBAL_ACCENT_COLOR_NAME = AccentColor;
				CODE_SIGN_ENTITLEMENTS = TodoListSUI/TodoListSUI.entitlements;
				CODE_SIGN_STYLE = Automatic;
				CURRENT_PROJECT_VERSION = 1;
				DEVELOPMENT_ASSET_PATHS = "\"TodoListSUI/Preview Content\"";
				DEVELOPMENT_TEAM = NF5X2BH93G;
				ENABLE_PREVIEWS = YES;
				GENERATE_INFOPLIST_FILE = YES;
				INFOPLIST_KEY_UIApplicationSceneManifest_Generation = YES;
				INFOPLIST_KEY_UIApplicationSupportsIndirectInputEvents = YES;
				INFOPLIST_KEY_UILaunchScreen_Generation = YES;
				INFOPLIST_KEY_UISupportedInterfaceOrientations_iPad = "UIInterfaceOrientationPortrait UIInterfaceOrientationPortraitUpsideDown UIInterfaceOrientationLandscapeLeft UIInterfaceOrientationLandscapeRight";
				INFOPLIST_KEY_UISupportedInterfaceOrientations_iPhone = "UIInterfaceOrientationPortrait UIInterfaceOrientationLandscapeLeft UIInterfaceOrientationLandscapeRight";
				LD_RUNPATH_SEARCH_PATHS = (
					"$(inherited)",
					"@executable_path/Frameworks",
				);
				MARKETING_VERSION = 1.0;
				PRODUCT_BUNDLE_IDENTIFIER = ru.yanmoroz.TodoListSUI;
				PRODUCT_NAME = "$(TARGET_NAME)";
				SWIFT_EMIT_LOC_STRINGS = YES;
				SWIFT_VERSION = 5.0;
				TARGETED_DEVICE_FAMILY = "1,2";
			};
			name = Release;
		};
/* End XCBuildConfiguration section */

/* Begin XCConfigurationList section */
		A35559E12B6AF3BF00E8E0CD /* Build configuration list for PBXProject "TodoListSUI" */ = {
			isa = XCConfigurationList;
			buildConfigurations = (
				A35559F22B6AF3C000E8E0CD /* Debug */,
				A35559F32B6AF3C000E8E0CD /* Release */,
			);
			defaultConfigurationIsVisible = 0;
			defaultConfigurationName = Release;
		};
		A35559F42B6AF3C000E8E0CD /* Build configuration list for PBXNativeTarget "TodoListSUI" */ = {
			isa = XCConfigurationList;
			buildConfigurations = (
				A35559F52B6AF3C000E8E0CD /* Debug */,
				A35559F62B6AF3C000E8E0CD /* Release */,
			);
			defaultConfigurationIsVisible = 0;
			defaultConfigurationName = Release;
		};
/* End XCConfigurationList section */
	};
	rootObject = A35559DE2B6AF3BF00E8E0CD /* Project object */;
}
